
Microsoft Visual Studio Solution File, Format Version 12.00
# Visual Studio Version 16
VisualStudioVersion = 16.0.30621.155
MinimumVisualStudioVersion = 10.0.40219.1
Project("{FAE04EC0-301F-11D3-BF4B-00C04F79EFBC}") = "LessonADO", "LessonADO.csproj", "{24EB1353-1613-4543-88CF-A1BC18767282}"
EndProject
Global
	GlobalSection(SolutionConfigurationPlatforms) = preSolution
		Debug|Any CPU = Debug|Any CPU
		Release|Any CPU = Release|Any CPU
	EndGlobalSection
	GlobalSection(ProjectConfigurationPlatforms) = postSolution
		{24EB1353-1613-4543-88CF-A1BC18767282}.Debug|Any CPU.ActiveCfg = Debug|Any CPU
		{24EB1353-1613-4543-88CF-A1BC18767282}.Debug|Any CPU.Build.0 = Debug|Any CPU
		{24EB1353-1613-4543-88CF-A1BC18767282}.Release|Any CPU.ActiveCfg = Release|Any CPU
		{24EB1353-1613-4543-88CF-A1BC18767282}.Release|Any CPU.Build.0 = Release|Any CPU
	EndGlobalSection
	GlobalSection(SolutionProperties) = preSolution
		HideSolutionNode = FALSE
	EndGlobalSection
	GlobalSection(ExtensibilityGlobals) = postSolution
		SolutionGuid = {3F2F3EE5-F81F-4DC9-8143-9DAA55240015}
	EndGlobalSection
EndGlobal
